
Microsoft Visual Studio Solution File, Format Version 12.00
# Visual Studio Version 17
VisualStudioVersion = 17.8.34511.84
MinimumVisualStudioVersion = 10.0.40219.1
Project("{9A19103F-16F7-4668-BE54-9A1E7A4F7556}") = "Chapter_4.1_Endponts_MapMethod", "N_4_1_Endponts_MapMethod\Chapter_4.1_Endponts_MapMethod.csproj", "{B88F098D-95E7-4FEC-BDEB-5B641034F3CB}"
EndProject
Global
	GlobalSection(SolutionConfigurationPlatforms) = preSolution
		Debug|Any CPU = Debug|Any CPU
		Release|Any CPU = Release|Any CPU
	EndGlobalSection
	GlobalSection(ProjectConfigurationPlatforms) = postSolution
		{B88F098D-95E7-4FEC-BDEB-5B641034F3CB}.Debug|Any CPU.ActiveCfg = Debug|Any CPU
		{B88F098D-95E7-4FEC-BDEB-5B641034F3CB}.Debug|Any CPU.Build.0 = Debug|Any CPU
		{B88F098D-95E7-4FEC-BDEB-5B641034F3CB}.Release|Any CPU.ActiveCfg = Release|Any CPU
		{B88F098D-95E7-4FEC-BDEB-5B641034F3CB}.Release|Any CPU.Build.0 = Release|Any CPU
	EndGlobalSection
	GlobalSection(SolutionProperties) = preSolution
		HideSolutionNode = FALSE
	EndGlobalSection
EndGlobal
