
Microsoft Visual Studio Solution File, Format Version 12.00
# Visual Studio Version 17
VisualStudioVersion = 17.8.34511.84
MinimumVisualStudioVersion = 10.0.40219.1
Project("{FAE04EC0-301F-11D3-BF4B-00C04F79EFBC}") = "Chapter 8.3", "Chapter 8.3\Chapter 8.3.csproj", "{5C629082-1372-4657-92E2-E5E81089BD58}"
EndProject
Global
	GlobalSection(SolutionConfigurationPlatforms) = preSolution
		Debug|Any CPU = Debug|Any CPU
		Release|Any CPU = Release|Any CPU
	EndGlobalSection
	GlobalSection(ProjectConfigurationPlatforms) = postSolution
		{5C629082-1372-4657-92E2-E5E81089BD58}.Debug|Any CPU.ActiveCfg = Debug|Any CPU
		{5C629082-1372-4657-92E2-E5E81089BD58}.Debug|Any CPU.Build.0 = Debug|Any CPU
		{5C629082-1372-4657-92E2-E5E81089BD58}.Release|Any CPU.ActiveCfg = Release|Any CPU
		{5C629082-1372-4657-92E2-E5E81089BD58}.Release|Any CPU.Build.0 = Release|Any CPU
	EndGlobalSection
	GlobalSection(SolutionProperties) = preSolution
		HideSolutionNode = FALSE
	EndGlobalSection
	GlobalSection(ExtensibilityGlobals) = postSolution
		SolutionGuid = {D7B46964-0BBA-4BA1-8CC6-DC0869B3C32E}
	EndGlobalSection
EndGlobal
